
Microsoft Visual Studio Solution File, Format Version 12.00
# Visual Studio Version 17
VisualStudioVersion = 17.5.002.0
MinimumVisualStudioVersion = 10.0.40219.1
Project("{9A19103F-16F7-4668-BE54-9A1E7A4F7556}") = "test", "test.csproj", "{928C83D2-D548-49AB-B7E4-B16B6DD2077C}"
EndProject
Global
	GlobalSection(SolutionConfigurationPlatforms) = preSolution
		Debug|Any CPU = Debug|Any CPU
		Release|Any CPU = Release|Any CPU
	EndGlobalSection
	GlobalSection(ProjectConfigurationPlatforms) = postSolution
		{928C83D2-D548-49AB-B7E4-B16B6DD2077C}.Debug|Any CPU.ActiveCfg = Debug|Any CPU
		{928C83D2-D548-49AB-B7E4-B16B6DD2077C}.Debug|Any CPU.Build.0 = Debug|Any CPU
		{928C83D2-D548-49AB-B7E4-B16B6DD2077C}.Release|Any CPU.ActiveCfg = Release|Any CPU
		{928C83D2-D548-49AB-B7E4-B16B6DD2077C}.Release|Any CPU.Build.0 = Release|Any CPU
	EndGlobalSection
	GlobalSection(SolutionProperties) = preSolution
		HideSolutionNode = FALSE
	EndGlobalSection
	GlobalSection(ExtensibilityGlobals) = postSolution
		SolutionGuid = {82FCF1DE-C841-42CC-80B0-499A5A05BC3D}
	EndGlobalSection
EndGlobal
